
Microsoft Visual Studio Solution File, Format Version 12.00
# Visual Studio Version 17
VisualStudioVersion = 17.7.34221.43
MinimumVisualStudioVersion = 10.0.40219.1
Project("{FAE04EC0-301F-11D3-BF4B-00C04F79EFBC}") = "Module12Pr", "Module12Pr\Module12Pr.csproj", "{CF5167B5-7522-47FF-9BC2-B2927550F03D}"
EndProject
Global
	GlobalSection(SolutionConfigurationPlatforms) = preSolution
		Debug|Any CPU = Debug|Any CPU
		Release|Any CPU = Release|Any CPU
	EndGlobalSection
	GlobalSection(ProjectConfigurationPlatforms) = postSolution
		{CF5167B5-7522-47FF-9BC2-B2927550F03D}.Debug|Any CPU.ActiveCfg = Debug|Any CPU
		{CF5167B5-7522-47FF-9BC2-B2927550F03D}.Debug|Any CPU.Build.0 = Debug|Any CPU
		{CF5167B5-7522-47FF-9BC2-B2927550F03D}.Release|Any CPU.ActiveCfg = Release|Any CPU
		{CF5167B5-7522-47FF-9BC2-B2927550F03D}.Release|Any CPU.Build.0 = Release|Any CPU
	EndGlobalSection
	GlobalSection(SolutionProperties) = preSolution
		HideSolutionNode = FALSE
	EndGlobalSection
	GlobalSection(ExtensibilityGlobals) = postSolution
		SolutionGuid = {65C6A1DE-F466-4B17-B2B5-4A252CE7572F}
	EndGlobalSection
EndGlobal
